// !$*UTF8*$!
{
	archiveVersion = 1;
	classes = {
	};
	objectVersion = 46;
	objects = {

/* Begin PBXGroup section */
		ADA2D0DF1CDC685500599313 = {
			isa = PBXGroup;
			children = (
			);
			sourceTree = "<group>";
		};
/* End PBXGroup section */

/* Begin PBXProject section */
		ADA2D0E01CDC685500599313 /* Project object */ = {
			isa = PBXProject;
			attributes = {
				LastUpgradeCheck = 0730;
			};
			buildConfigurationList = ADA2D0E31CDC685500599313 /* Build configuration list for PBXProject "gitBook - A Collection of Swift Algorithms" */;
			compatibilityVersion = "Xcode 3.2";
			developmentRegion = English;
			hasScannedForEncodings = 0;
			knownRegions = (
				en,
			);
			mainGroup = ADA2D0DF1CDC685500599313;
			projectDirPath = "";
			projectRoot = "";
			targets = (
			);
		};
/* End PBXProject section */

/* Begin XCBuildConfiguration section */
		ADA2D0E41CDC685500599313 /* Debug */ = {
			isa = XCBuildConfiguration;
			buildSettings = {
			};
			name = Debug;
		};
		ADA2D0E51CDC685500599313 /* Release */ = {
			isa = XCBuildConfiguration;
			buildSettings = {
			};
			name = Release;
		};
/* End XCBuildConfiguration section */

/* Begin XCConfigurationList section */
		ADA2D0E31CDC685500599313 /* Build configuration list for PBXProject "gitBook - A Collection of Swift Algorithms" */ = {
			isa = XCConfigurationList;
			buildConfigurations = (
				ADA2D0E41CDC685500599313 /* Debug */,
				ADA2D0E51CDC685500599313 /* Release */,
			);
			defaultConfigurationIsVisible = 0;
			defaultConfigurationName = Release;
		};
/* End XCConfigurationList section */
	};
	rootObject = ADA2D0E01CDC685500599313 /* Project object */;
}
